// !$*UTF8*$!
{
	archiveVersion = 1;
	classes = {
	};
	objectVersion = 56;
	objects = {

/* Begin PBXBuildFile section */
		550C4E302AA1401B003A9630 /* LandmarkList.swift in Sources */ = {isa = PBXBuildFile; fileRef = 550C4E2F2AA1401B003A9630 /* LandmarkList.swift */; };
		550C4E322AA1543F003A9630 /* LandmarkDetail.swift in Sources */ = {isa = PBXBuildFile; fileRef = 550C4E312AA1543F003A9630 /* LandmarkDetail.swift */; };
		557309492A9FC453001F0DBD /* LandmarksApp.swift in Sources */ = {isa = PBXBuildFile; fileRef = 557309482A9FC453001F0DBD /* LandmarksApp.swift */; };
		5573094B2A9FC453001F0DBD /* ContentView.swift in Sources */ = {isa = PBXBuildFile; fileRef = 5573094A2A9FC453001F0DBD /* ContentView.swift */; };
		5573094D2A9FC454001F0DBD /* Assets.xcassets in Resources */ = {isa = PBXBuildFile; fileRef = 5573094C2A9FC454001F0DBD /* Assets.xcassets */; };
		557309502A9FC454001F0DBD /* Preview Assets.xcassets in Resources */ = {isa = PBXBuildFile; fileRef = 5573094F2A9FC454001F0DBD /* Preview Assets.xcassets */; };
		557309572AA11C30001F0DBD /* CircleImage.swift in Sources */ = {isa = PBXBuildFile; fileRef = 557309562AA11C30001F0DBD /* CircleImage.swift */; };
		557309592AA11F88001F0DBD /* MapView.swift in Sources */ = {isa = PBXBuildFile; fileRef = 557309582AA11F88001F0DBD /* MapView.swift */; };
		5573095B2AA12E3E001F0DBD /* landmarkData.json in Resources */ = {isa = PBXBuildFile; fileRef = 5573095A2AA12E3E001F0DBD /* landmarkData.json */; };
		5573095D2AA12E7B001F0DBD /* Landmark.swift in Sources */ = {isa = PBXBuildFile; fileRef = 5573095C2AA12E7B001F0DBD /* Landmark.swift */; };
		5573095F2AA13023001F0DBD /* ModelData.swift in Sources */ = {isa = PBXBuildFile; fileRef = 5573095E2AA13023001F0DBD /* ModelData.swift */; };
		557309642AA13D3B001F0DBD /* LandmarkRow.swift in Sources */ = {isa = PBXBuildFile; fileRef = 557309632AA13D3B001F0DBD /* LandmarkRow.swift */; };
		55C1D50D2AAA4188008B1FB9 /* hikeData.json in Resources */ = {isa = PBXBuildFile; fileRef = 55C1D50C2AAA4188008B1FB9 /* hikeData.json */; };
		55C1D5102AAA41EF008B1FB9 /* Hike.swift in Sources */ = {isa = PBXBuildFile; fileRef = 55C1D50F2AAA41EF008B1FB9 /* Hike.swift */; };
		55C1D5162AAA42F1008B1FB9 /* GraphCapsule.swift in Sources */ = {isa = PBXBuildFile; fileRef = 55C1D5122AAA42F1008B1FB9 /* GraphCapsule.swift */; };
		55C1D5172AAA42F1008B1FB9 /* HikeGraph.swift in Sources */ = {isa = PBXBuildFile; fileRef = 55C1D5132AAA42F1008B1FB9 /* HikeGraph.swift */; };
		55C1D5182AAA42F1008B1FB9 /* HikeDetail.swift in Sources */ = {isa = PBXBuildFile; fileRef = 55C1D5142AAA42F1008B1FB9 /* HikeDetail.swift */; };
		55C1D5192AAA42F1008B1FB9 /* HikeView.swift in Sources */ = {isa = PBXBuildFile; fileRef = 55C1D5152AAA42F1008B1FB9 /* HikeView.swift */; };
		55C1D51C2AAA4A68008B1FB9 /* CategoryHome.swift in Sources */ = {isa = PBXBuildFile; fileRef = 55C1D51B2AAA4A68008B1FB9 /* CategoryHome.swift */; };
		55C1D51E2AAA52B5008B1FB9 /* CategoryRow.swift in Sources */ = {isa = PBXBuildFile; fileRef = 55C1D51D2AAA52B5008B1FB9 /* CategoryRow.swift */; };
		55C1D5202AAA55DA008B1FB9 /* CategoryItem.swift in Sources */ = {isa = PBXBuildFile; fileRef = 55C1D51F2AAA55DA008B1FB9 /* CategoryItem.swift */; };
		55C1D5222AAA5DD8008B1FB9 /* ProfileSummary.swift in Sources */ = {isa = PBXBuildFile; fileRef = 55C1D5212AAA5DD8008B1FB9 /* ProfileSummary.swift */; };
		55C1D5252AAA5E93008B1FB9 /* Profile.swift in Sources */ = {isa = PBXBuildFile; fileRef = 55C1D5242AAA5E93008B1FB9 /* Profile.swift */; };
		55C1D5272AAA5F90008B1FB9 /* ProfileHost.swift in Sources */ = {isa = PBXBuildFile; fileRef = 55C1D5262AAA5F90008B1FB9 /* ProfileHost.swift */; };
		55C1D5292AAA6032008B1FB9 /* HikeBadge.swift in Sources */ = {isa = PBXBuildFile; fileRef = 55C1D5282AAA6032008B1FB9 /* HikeBadge.swift */; };
		55C1D52B2AAB9246008B1FB9 /* ProfileEditor.swift in Sources */ = {isa = PBXBuildFile; fileRef = 55C1D52A2AAB9246008B1FB9 /* ProfileEditor.swift */; };
		55CCD7472AA8ED57002CA461 /* FavoriteButton.swift in Sources */ = {isa = PBXBuildFile; fileRef = 55CCD7462AA8ED57002CA461 /* FavoriteButton.swift */; };
		55CCD74A2AA8F1ED002CA461 /* HexagonParameters.swift in Sources */ = {isa = PBXBuildFile; fileRef = 55CCD7492AA8F1ED002CA461 /* HexagonParameters.swift */; };
		55CCD74C2AA8F2A6002CA461 /* BadgeBackground.swift in Sources */ = {isa = PBXBuildFile; fileRef = 55CCD74B2AA8F2A6002CA461 /* BadgeBackground.swift */; };
		55CCD74E2AA8FDF3002CA461 /* BadgeSymbol.swift in Sources */ = {isa = PBXBuildFile; fileRef = 55CCD74D2AA8FDF3002CA461 /* BadgeSymbol.swift */; };
		55CCD7502AA8FF26002CA461 /* RotatedBadgeSymbol.swift in Sources */ = {isa = PBXBuildFile; fileRef = 55CCD74F2AA8FF26002CA461 /* RotatedBadgeSymbol.swift */; };
		55CCD7532AA90261002CA461 /* Badge.swift in Sources */ = {isa = PBXBuildFile; fileRef = 55CCD7522AA90261002CA461 /* Badge.swift */; };
/* End PBXBuildFile section */

/* Begin PBXFileReference section */
		550C4E2F2AA1401B003A9630 /* LandmarkList.swift */ = {isa = PBXFileReference; lastKnownFileType = sourcecode.swift; path = LandmarkList.swift; sourceTree = "<group>"; };
		550C4E312AA1543F003A9630 /* LandmarkDetail.swift */ = {isa = PBXFileReference; lastKnownFileType = sourcecode.swift; path = LandmarkDetail.swift; sourceTree = "<group>"; };
		557309452A9FC453001F0DBD /* Landmarks.app */ = {isa = PBXFileReference; explicitFileType = wrapper.application; includeInIndex = 0; path = Landmarks.app; sourceTree = BUILT_PRODUCTS_DIR; };
		557309482A9FC453001F0DBD /* LandmarksApp.swift */ = {isa = PBXFileReference; lastKnownFileType = sourcecode.swift; path = LandmarksApp.swift; sourceTree = "<group>"; };
		5573094A2A9FC453001F0DBD /* ContentView.swift */ = {isa = PBXFileReference; lastKnownFileType = sourcecode.swift; path = ContentView.swift; sourceTree = "<group>"; };
		5573094C2A9FC454001F0DBD /* Assets.xcassets */ = {isa = PBXFileReference; lastKnownFileType = folder.assetcatalog; path = Assets.xcassets; sourceTree = "<group>"; };
		5573094F2A9FC454001F0DBD /* Preview Assets.xcassets */ = {isa = PBXFileReference; lastKnownFileType = folder.assetcatalog; path = "Preview Assets.xcassets"; sourceTree = "<group>"; };
		557309562AA11C30001F0DBD /* CircleImage.swift */ = {isa = PBXFileReference; lastKnownFileType = sourcecode.swift; path = CircleImage.swift; sourceTree = "<group>"; };
		557309582AA11F88001F0DBD /* MapView.swift */ = {isa = PBXFileReference; lastKnownFileType = sourcecode.swift; path = MapView.swift; sourceTree = "<group>"; };
		5573095A2AA12E3E001F0DBD /* landmarkData.json */ = {isa = PBXFileReference; fileEncoding = 4; lastKnownFileType = text.json; path = landmarkData.json; sourceTree = "<group>"; };
		5573095C2AA12E7B001F0DBD /* Landmark.swift */ = {isa = PBXFileReference; lastKnownFileType = sourcecode.swift; path = Landmark.swift; sourceTree = "<group>"; };
		5573095E2AA13023001F0DBD /* ModelData.swift */ = {isa = PBXFileReference; lastKnownFileType = sourcecode.swift; path = ModelData.swift; sourceTree = "<group>"; };
		557309632AA13D3B001F0DBD /* LandmarkRow.swift */ = {isa = PBXFileReference; lastKnownFileType = sourcecode.swift; path = LandmarkRow.swift; sourceTree = SOURCE_ROOT; };
		55C1D50C2AAA4188008B1FB9 /* hikeData.json */ = {isa = PBXFileReference; fileEncoding = 4; lastKnownFileType = text.json; path = hikeData.json; sourceTree = "<group>"; };
		55C1D50F2AAA41EF008B1FB9 /* Hike.swift */ = {isa = PBXFileReference; lastKnownFileType = sourcecode.swift; path = Hike.swift; sourceTree = "<group>"; };
		55C1D5122AAA42F1008B1FB9 /* GraphCapsule.swift */ = {isa = PBXFileReference; fileEncoding = 4; lastKnownFileType = sourcecode.swift; path = GraphCapsule.swift; sourceTree = "<group>"; };
		55C1D5132AAA42F1008B1FB9 /* HikeGraph.swift */ = {isa = PBXFileReference; fileEncoding = 4; lastKnownFileType = sourcecode.swift; path = HikeGraph.swift; sourceTree = "<group>"; };
		55C1D5142AAA42F1008B1FB9 /* HikeDetail.swift */ = {isa = PBXFileReference; fileEncoding = 4; lastKnownFileType = sourcecode.swift; path = HikeDetail.swift; sourceTree = "<group>"; };
		55C1D5152AAA42F1008B1FB9 /* HikeView.swift */ = {isa = PBXFileReference; fileEncoding = 4; lastKnownFileType = sourcecode.swift; path = HikeView.swift; sourceTree = "<group>"; };
		55C1D51B2AAA4A68008B1FB9 /* CategoryHome.swift */ = {isa = PBXFileReference; lastKnownFileType = sourcecode.swift; path = CategoryHome.swift; sourceTree = "<group>"; };
		55C1D51D2AAA52B5008B1FB9 /* CategoryRow.swift */ = {isa = PBXFileReference; lastKnownFileType = sourcecode.swift; path = CategoryRow.swift; sourceTree = "<group>"; };
		55C1D51F2AAA55DA008B1FB9 /* CategoryItem.swift */ = {isa = PBXFileReference; lastKnownFileType = sourcecode.swift; path = CategoryItem.swift; sourceTree = "<group>"; };
		55C1D5212AAA5DD8008B1FB9 /* ProfileSummary.swift */ = {isa = PBXFileReference; lastKnownFileType = sourcecode.swift; path = ProfileSummary.swift; sourceTree = "<group>"; };
		55C1D5242AAA5E93008B1FB9 /* Profile.swift */ = {isa = PBXFileReference; lastKnownFileType = sourcecode.swift; path = Profile.swift; sourceTree = "<group>"; };
		55C1D5262AAA5F90008B1FB9 /* ProfileHost.swift */ = {isa = PBXFileReference; lastKnownFileType = sourcecode.swift; path = ProfileHost.swift; sourceTree = "<group>"; };
		55C1D5282AAA6032008B1FB9 /* HikeBadge.swift */ = {isa = PBXFileReference; lastKnownFileType = sourcecode.swift; path = HikeBadge.swift; sourceTree = "<group>"; };
		55C1D52A2AAB9246008B1FB9 /* ProfileEditor.swift */ = {isa = PBXFileReference; lastKnownFileType = sourcecode.swift; path = ProfileEditor.swift; sourceTree = "<group>"; };
		55CCD7462AA8ED57002CA461 /* FavoriteButton.swift */ = {isa = PBXFileReference; lastKnownFileType = sourcecode.swift; path = FavoriteButton.swift; sourceTree = "<group>"; };
		55CCD7492AA8F1ED002CA461 /* HexagonParameters.swift */ = {isa = PBXFileReference; lastKnownFileType = sourcecode.swift; path = HexagonParameters.swift; sourceTree = "<group>"; };
		55CCD74B2AA8F2A6002CA461 /* BadgeBackground.swift */ = {isa = PBXFileReference; lastKnownFileType = sourcecode.swift; path = BadgeBackground.swift; sourceTree = "<group>"; };
		55CCD74D2AA8FDF3002CA461 /* BadgeSymbol.swift */ = {isa = PBXFileReference; lastKnownFileType = sourcecode.swift; path = BadgeSymbol.swift; sourceTree = "<group>"; };
		55CCD74F2AA8FF26002CA461 /* RotatedBadgeSymbol.swift */ = {isa = PBXFileReference; lastKnownFileType = sourcecode.swift; path = RotatedBadgeSymbol.swift; sourceTree = "<group>"; };
		55CCD7522AA90261002CA461 /* Badge.swift */ = {isa = PBXFileReference; lastKnownFileType = sourcecode.swift; path = Badge.swift; sourceTree = "<group>"; };
/* End PBXFileReference section */

/* Begin PBXFrameworksBuildPhase section */
		557309422A9FC453001F0DBD /* Frameworks */ = {
			isa = PBXFrameworksBuildPhase;
			buildActionMask = 2147483647;
			files = (
			);
			runOnlyForDeploymentPostprocessing = 0;
		};
/* End PBXFrameworksBuildPhase section */

/* Begin PBXGroup section */
		5573093C2A9FC452001F0DBD = {
			isa = PBXGroup;
			children = (
				557309472A9FC453001F0DBD /* Landmarks */,
				557309462A9FC453001F0DBD /* Products */,
			);
			sourceTree = "<group>";
		};
		557309462A9FC453001F0DBD /* Products */ = {
			isa = PBXGroup;
			children = (
				557309452A9FC453001F0DBD /* Landmarks.app */,
			);
			name = Products;
			sourceTree = "<group>";
		};
		557309472A9FC453001F0DBD /* Landmarks */ = {
			isa = PBXGroup;
			children = (
				55C1D5232AAA5E40008B1FB9 /* Profiles */,
				55C1D51A2AAA4A2E008B1FB9 /* Categories */,
				55C1D50F2AAA41EF008B1FB9 /* Hike.swift */,
				55CCD7512AA8FF7A002CA461 /* Badges */,
				557309482A9FC453001F0DBD /* LandmarksApp.swift */,
				55CCD7482AA8EE7C002CA461 /* Helpers */,
				557309622AA131AD001F0DBD /* Resources */,
				557309602AA1312D001F0DBD /* Views */,
				557309612AA13153001F0DBD /* Model */,
				5573094C2A9FC454001F0DBD /* Assets.xcassets */,
				5573094E2A9FC454001F0DBD /* Preview Content */,
			);
			path = Landmarks;
			sourceTree = "<group>";
		};
		5573094E2A9FC454001F0DBD /* Preview Content */ = {
			isa = PBXGroup;
			children = (
				5573094F2A9FC454001F0DBD /* Preview Assets.xcassets */,
			);
			path = "Preview Content";
			sourceTree = "<group>";
		};
		557309602AA1312D001F0DBD /* Views */ = {
			isa = PBXGroup;
			children = (
				55C1D5112AAA42F1008B1FB9 /* Hikes */,
				557309632AA13D3B001F0DBD /* LandmarkRow.swift */,
				5573094A2A9FC453001F0DBD /* ContentView.swift */,
				550C4E2F2AA1401B003A9630 /* LandmarkList.swift */,
				550C4E312AA1543F003A9630 /* LandmarkDetail.swift */,
			);
			path = Views;
			sourceTree = "<group>";
		};
		557309612AA13153001F0DBD /* Model */ = {
			isa = PBXGroup;
			children = (
				5573095E2AA13023001F0DBD /* ModelData.swift */,
				5573095C2AA12E7B001F0DBD /* Landmark.swift */,
			);
			path = Model;
			sourceTree = "<group>";
		};
		557309622AA131AD001F0DBD /* Resources */ = {
			isa = PBXGroup;
			children = (
				55C1D50C2AAA4188008B1FB9 /* hikeData.json */,
				5573095A2AA12E3E001F0DBD /* landmarkData.json */,
			);
			path = Resources;
			sourceTree = "<group>";
		};
		55C1D5112AAA42F1008B1FB9 /* Hikes */ = {
			isa = PBXGroup;
			children = (
				55C1D5122AAA42F1008B1FB9 /* GraphCapsule.swift */,
				55C1D5132AAA42F1008B1FB9 /* HikeGraph.swift */,
				55C1D5142AAA42F1008B1FB9 /* HikeDetail.swift */,
				55C1D5152AAA42F1008B1FB9 /* HikeView.swift */,
				55C1D5282AAA6032008B1FB9 /* HikeBadge.swift */,
			);
			path = Hikes;
			sourceTree = "<group>";
		};
		55C1D51A2AAA4A2E008B1FB9 /* Categories */ = {
			isa = PBXGroup;
			children = (
				55C1D51B2AAA4A68008B1FB9 /* CategoryHome.swift */,
				55C1D51D2AAA52B5008B1FB9 /* CategoryRow.swift */,
				55C1D51F2AAA55DA008B1FB9 /* CategoryItem.swift */,
			);
			path = Categories;
			sourceTree = "<group>";
		};
		55C1D5232AAA5E40008B1FB9 /* Profiles */ = {
			isa = PBXGroup;
			children = (
				55C1D5212AAA5DD8008B1FB9 /* ProfileSummary.swift */,
				55C1D5242AAA5E93008B1FB9 /* Profile.swift */,
				55C1D5262AAA5F90008B1FB9 /* ProfileHost.swift */,
				55C1D52A2AAB9246008B1FB9 /* ProfileEditor.swift */,
			);
			path = Profiles;
			sourceTree = "<group>";
		};
		55CCD7482AA8EE7C002CA461 /* Helpers */ = {
			isa = PBXGroup;
			children = (
				557309562AA11C30001F0DBD /* CircleImage.swift */,
				557309582AA11F88001F0DBD /* MapView.swift */,
				55CCD7462AA8ED57002CA461 /* FavoriteButton.swift */,
			);
			path = Helpers;
			sourceTree = "<group>";
		};
		55CCD7512AA8FF7A002CA461 /* Badges */ = {
			isa = PBXGroup;
			children = (
				55CCD74D2AA8FDF3002CA461 /* BadgeSymbol.swift */,
				55CCD74B2AA8F2A6002CA461 /* BadgeBackground.swift */,
				55CCD7492AA8F1ED002CA461 /* HexagonParameters.swift */,
				55CCD74F2AA8FF26002CA461 /* RotatedBadgeSymbol.swift */,
				55CCD7522AA90261002CA461 /* Badge.swift */,
			);
			path = Badges;
			sourceTree = "<group>";
		};
/* End PBXGroup section */

/* Begin PBXNativeTarget section */
		557309442A9FC453001F0DBD /* Landmarks */ = {
			isa = PBXNativeTarget;
			buildConfigurationList = 557309532A9FC454001F0DBD /* Build configuration list for PBXNativeTarget "Landmarks" */;
			buildPhases = (
				557309412A9FC453001F0DBD /* Sources */,
				557309422A9FC453001F0DBD /* Frameworks */,
				557309432A9FC453001F0DBD /* Resources */,
			);
			buildRules = (
			);
			dependencies = (
			);
			name = Landmarks;
			productName = Landmarks;
			productReference = 557309452A9FC453001F0DBD /* Landmarks.app */;
			productType = "com.apple.product-type.application";
		};
/* End PBXNativeTarget section */

/* Begin PBXProject section */
		5573093D2A9FC453001F0DBD /* Project object */ = {
			isa = PBXProject;
			attributes = {
				BuildIndependentTargetsInParallel = 1;
				LastSwiftUpdateCheck = 1420;
				LastUpgradeCheck = 1420;
				TargetAttributes = {
					557309442A9FC453001F0DBD = {
						CreatedOnToolsVersion = 14.2;
					};
				};
			};
			buildConfigurationList = 557309402A9FC453001F0DBD /* Build configuration list for PBXProject "Landmarks" */;
			compatibilityVersion = "Xcode 14.0";
			developmentRegion = en;
			hasScannedForEncodings = 0;
			knownRegions = (
				en,
				Base,
			);
			mainGroup = 5573093C2A9FC452001F0DBD;
			productRefGroup = 557309462A9FC453001F0DBD /* Products */;
			projectDirPath = "";
			projectRoot = "";
			targets = (
				557309442A9FC453001F0DBD /* Landmarks */,
			);
		};
/* End PBXProject section */

/* Begin PBXResourcesBuildPhase section */
		557309432A9FC453001F0DBD /* Resources */ = {
			isa = PBXResourcesBuildPhase;
			buildActionMask = 2147483647;
			files = (
				55C1D50D2AAA4188008B1FB9 /* hikeData.json in Resources */,
				557309502A9FC454001F0DBD /* Preview Assets.xcassets in Resources */,
				5573094D2A9FC454001F0DBD /* Assets.xcassets in Resources */,
				5573095B2AA12E3E001F0DBD /* landmarkData.json in Resources */,
			);
			runOnlyForDeploymentPostprocessing = 0;
		};
/* End PBXResourcesBuildPhase section */

/* Begin PBXSourcesBuildPhase section */
		557309412A9FC453001F0DBD /* Sources */ = {
			isa = PBXSourcesBuildPhase;
			buildActionMask = 2147483647;
			files = (
				55C1D51E2AAA52B5008B1FB9 /* CategoryRow.swift in Sources */,
				5573094B2A9FC453001F0DBD /* ContentView.swift in Sources */,
				55C1D5172AAA42F1008B1FB9 /* HikeGraph.swift in Sources */,
				55C1D5222AAA5DD8008B1FB9 /* ProfileSummary.swift in Sources */,
				55CCD7532AA90261002CA461 /* Badge.swift in Sources */,
				55C1D5272AAA5F90008B1FB9 /* ProfileHost.swift in Sources */,
				557309592AA11F88001F0DBD /* MapView.swift in Sources */,
				55C1D5162AAA42F1008B1FB9 /* GraphCapsule.swift in Sources */,
				557309492A9FC453001F0DBD /* LandmarksApp.swift in Sources */,
				55CCD7472AA8ED57002CA461 /* FavoriteButton.swift in Sources */,
				55C1D5182AAA42F1008B1FB9 /* HikeDetail.swift in Sources */,
				55C1D5202AAA55DA008B1FB9 /* CategoryItem.swift in Sources */,
				55CCD74A2AA8F1ED002CA461 /* HexagonParameters.swift in Sources */,
				55C1D5102AAA41EF008B1FB9 /* Hike.swift in Sources */,
				55CCD7502AA8FF26002CA461 /* RotatedBadgeSymbol.swift in Sources */,
				55CCD74E2AA8FDF3002CA461 /* BadgeSymbol.swift in Sources */,
				550C4E302AA1401B003A9630 /* LandmarkList.swift in Sources */,
				55C1D5252AAA5E93008B1FB9 /* Profile.swift in Sources */,
				55C1D52B2AAB9246008B1FB9 /* ProfileEditor.swift in Sources */,
				55C1D5192AAA42F1008B1FB9 /* HikeView.swift in Sources */,
				550C4E322AA1543F003A9630 /* LandmarkDetail.swift in Sources */,
				55CCD74C2AA8F2A6002CA461 /* BadgeBackground.swift in Sources */,
				557309572AA11C30001F0DBD /* CircleImage.swift in Sources */,
				55C1D5292AAA6032008B1FB9 /* HikeBadge.swift in Sources */,
				55C1D51C2AAA4A68008B1FB9 /* CategoryHome.swift in Sources */,
				5573095D2AA12E7B001F0DBD /* Landmark.swift in Sources */,
				557309642AA13D3B001F0DBD /* LandmarkRow.swift in Sources */,
				5573095F2AA13023001F0DBD /* ModelData.swift in Sources */,
			);
			runOnlyForDeploymentPostprocessing = 0;
		};
/* End PBXSourcesBuildPhase section */

/* Begin XCBuildConfiguration section */
		557309512A9FC454001F0DBD /* Debug */ = {
			isa = XCBuildConfiguration;
			buildSettings = {
				ALWAYS_SEARCH_USER_PATHS = NO;
				CLANG_ANALYZER_NONNULL = YES;
				CLANG_ANALYZER_NUMBER_OBJECT_CONVERSION = YES_AGGRESSIVE;
				CLANG_CXX_LANGUAGE_STANDARD = "gnu++20";
				CLANG_ENABLE_MODULES = YES;
				CLANG_ENABLE_OBJC_ARC = YES;
				CLANG_ENABLE_OBJC_WEAK = YES;
				CLANG_WARN_BLOCK_CAPTURE_AUTORELEASING = YES;
				CLANG_WARN_BOOL_CONVERSION = YES;
				CLANG_WARN_COMMA = YES;
				CLANG_WARN_CONSTANT_CONVERSION = YES;
				CLANG_WARN_DEPRECATED_OBJC_IMPLEMENTATIONS = YES;
				CLANG_WARN_DIRECT_OBJC_ISA_USAGE = YES_ERROR;
				CLANG_WARN_DOCUMENTATION_COMMENTS = YES;
				CLANG_WARN_EMPTY_BODY = YES;
				CLANG_WARN_ENUM_CONVERSION = YES;
				CLANG_WARN_INFINITE_RECURSION = YES;
				CLANG_WARN_INT_CONVERSION = YES;
				CLANG_WARN_NON_LITERAL_NULL_CONVERSION = YES;
				CLANG_WARN_OBJC_IMPLICIT_RETAIN_SELF = YES;
				CLANG_WARN_OBJC_LITERAL_CONVERSION = YES;
				CLANG_WARN_OBJC_ROOT_CLASS = YES_ERROR;
				CLANG_WARN_QUOTED_INCLUDE_IN_FRAMEWORK_HEADER = YES;
				CLANG_WARN_RANGE_LOOP_ANALYSIS = YES;
				CLANG_WARN_STRICT_PROTOTYPES = YES;
				CLANG_WARN_SUSPICIOUS_MOVE = YES;
				CLANG_WARN_UNGUARDED_AVAILABILITY = YES_AGGRESSIVE;
				CLANG_WARN_UNREACHABLE_CODE = YES;
				CLANG_WARN__DUPLICATE_METHOD_MATCH = YES;
				COPY_PHASE_STRIP = NO;
				DEBUG_INFORMATION_FORMAT = dwarf;
				ENABLE_STRICT_OBJC_MSGSEND = YES;
				ENABLE_TESTABILITY = YES;
				GCC_C_LANGUAGE_STANDARD = gnu11;
				GCC_DYNAMIC_NO_PIC = NO;
				GCC_NO_COMMON_BLOCKS = YES;
				GCC_OPTIMIZATION_LEVEL = 0;
				GCC_PREPROCESSOR_DEFINITIONS = (
					"DEBUG=1",
					"$(inherited)",
				);
				GCC_WARN_64_TO_32_BIT_CONVERSION = YES;
				GCC_WARN_ABOUT_RETURN_TYPE = YES_ERROR;
				GCC_WARN_UNDECLARED_SELECTOR = YES;
				GCC_WARN_UNINITIALIZED_AUTOS = YES_AGGRESSIVE;
				GCC_WARN_UNUSED_FUNCTION = YES;
				GCC_WARN_UNUSED_VARIABLE = YES;
				IPHONEOS_DEPLOYMENT_TARGET = 16.2;
				MTL_ENABLE_DEBUG_INFO = INCLUDE_SOURCE;
				MTL_FAST_MATH = YES;
				ONLY_ACTIVE_ARCH = YES;
				SDKROOT = iphoneos;
				SWIFT_ACTIVE_COMPILATION_CONDITIONS = DEBUG;
				SWIFT_OPTIMIZATION_LEVEL = "-Onone";
			};
			name = Debug;
		};
		557309522A9FC454001F0DBD /* Release */ = {
			isa = XCBuildConfiguration;
			buildSettings = {
				ALWAYS_SEARCH_USER_PATHS = NO;
				CLANG_ANALYZER_NONNULL = YES;
				CLANG_ANALYZER_NUMBER_OBJECT_CONVERSION = YES_AGGRESSIVE;
				CLANG_CXX_LANGUAGE_STANDARD = "gnu++20";
				CLANG_ENABLE_MODULES = YES;
				CLANG_ENABLE_OBJC_ARC = YES;
				CLANG_ENABLE_OBJC_WEAK = YES;
				CLANG_WARN_BLOCK_CAPTURE_AUTORELEASING = YES;
				CLANG_WARN_BOOL_CONVERSION = YES;
				CLANG_WARN_COMMA = YES;
				CLANG_WARN_CONSTANT_CONVERSION = YES;
				CLANG_WARN_DEPRECATED_OBJC_IMPLEMENTATIONS = YES;
				CLANG_WARN_DIRECT_OBJC_ISA_USAGE = YES_ERROR;
				CLANG_WARN_DOCUMENTATION_COMMENTS = YES;
				CLANG_WARN_EMPTY_BODY = YES;
				CLANG_WARN_ENUM_CONVERSION = YES;
				CLANG_WARN_INFINITE_RECURSION = YES;
				CLANG_WARN_INT_CONVERSION = YES;
				CLANG_WARN_NON_LITERAL_NULL_CONVERSION = YES;
				CLANG_WARN_OBJC_IMPLICIT_RETAIN_SELF = YES;
				CLANG_WARN_OBJC_LITERAL_CONVERSION = YES;
				CLANG_WARN_OBJC_ROOT_CLASS = YES_ERROR;
				CLANG_WARN_QUOTED_INCLUDE_IN_FRAMEWORK_HEADER = YES;
				CLANG_WARN_RANGE_LOOP_ANALYSIS = YES;
				CLANG_WARN_STRICT_PROTOTYPES = YES;
				CLANG_WARN_SUSPICIOUS_MOVE = YES;
				CLANG_WARN_UNGUARDED_AVAILABILITY = YES_AGGRESSIVE;
				CLANG_WARN_UNREACHABLE_CODE = YES;
				CLANG_WARN__DUPLICATE_METHOD_MATCH = YES;
				COPY_PHASE_STRIP = NO;
				DEBUG_INFORMATION_FORMAT = "dwarf-with-dsym";
				ENABLE_NS_ASSERTIONS = NO;
				ENABLE_STRICT_OBJC_MSGSEND = YES;
				GCC_C_LANGUAGE_STANDARD = gnu11;
				GCC_NO_COMMON_BLOCKS = YES;
				GCC_WARN_64_TO_32_BIT_CONVERSION = YES;
				GCC_WARN_ABOUT_RETURN_TYPE = YES_ERROR;
				GCC_WARN_UNDECLARED_SELECTOR = YES;
				GCC_WARN_UNINITIALIZED_AUTOS = YES_AGGRESSIVE;
				GCC_WARN_UNUSED_FUNCTION = YES;
				GCC_WARN_UNUSED_VARIABLE = YES;
				IPHONEOS_DEPLOYMENT_TARGET = 16.2;
				MTL_ENABLE_DEBUG_INFO = NO;
				MTL_FAST_MATH = YES;
				SDKROOT = iphoneos;
				SWIFT_COMPILATION_MODE = wholemodule;
				SWIFT_OPTIMIZATION_LEVEL = "-O";
				VALIDATE_PRODUCT = YES;
			};
			name = Release;
		};
		557309542A9FC454001F0DBD /* Debug */ = {
			isa = XCBuildConfiguration;
			buildSettings = {
				ASSETCATALOG_COMPILER_APPICON_NAME = AppIcon;
				ASSETCATALOG_COMPILER_GLOBAL_ACCENT_COLOR_NAME = AccentColor;
				ASSETCATALOG_COMPILER_INCLUDE_ALL_APPICON_ASSETS = NO;
				CODE_SIGN_STYLE = Automatic;
				CURRENT_PROJECT_VERSION = 1;
				DEVELOPMENT_ASSET_PATHS = "\"Landmarks/Preview Content\"";
				DEVELOPMENT_TEAM = Q3T6F6Q3WS;
				ENABLE_PREVIEWS = YES;
				GENERATE_INFOPLIST_FILE = YES;
				INFOPLIST_KEY_UIApplicationSceneManifest_Generation = YES;
				INFOPLIST_KEY_UIApplicationSupportsIndirectInputEvents = YES;
				INFOPLIST_KEY_UILaunchScreen_Generation = YES;
				INFOPLIST_KEY_UISupportedInterfaceOrientations_iPad = "UIInterfaceOrientationPortrait UIInterfaceOrientationPortraitUpsideDown UIInterfaceOrientationLandscapeLeft UIInterfaceOrientationLandscapeRight";
				INFOPLIST_KEY_UISupportedInterfaceOrientations_iPhone = "UIInterfaceOrientationPortrait UIInterfaceOrientationLandscapeLeft UIInterfaceOrientationLandscapeRight";
				LD_RUNPATH_SEARCH_PATHS = (
					"$(inherited)",
					"@executable_path/Frameworks",
				);
				MARKETING_VERSION = 1.0;
				PRODUCT_BUNDLE_IDENTIFIER = com.taurus.Landmarks;
				PRODUCT_NAME = "$(TARGET_NAME)";
				SWIFT_EMIT_LOC_STRINGS = YES;
				SWIFT_VERSION = 5.0;
				TARGETED_DEVICE_FAMILY = "1,2";
			};
			name = Debug;
		};
		557309552A9FC454001F0DBD /* Release */ = {
			isa = XCBuildConfiguration;
			buildSettings = {
				ASSETCATALOG_COMPILER_APPICON_NAME = AppIcon;
				ASSETCATALOG_COMPILER_GLOBAL_ACCENT_COLOR_NAME = AccentColor;
				ASSETCATALOG_COMPILER_INCLUDE_ALL_APPICON_ASSETS = NO;
				CODE_SIGN_STYLE = Automatic;
				CURRENT_PROJECT_VERSION = 1;
				DEVELOPMENT_ASSET_PATHS = "\"Landmarks/Preview Content\"";
				DEVELOPMENT_TEAM = Q3T6F6Q3WS;
				ENABLE_PREVIEWS = YES;
				GENERATE_INFOPLIST_FILE = YES;
				INFOPLIST_KEY_UIApplicationSceneManifest_Generation = YES;
				INFOPLIST_KEY_UIApplicationSupportsIndirectInputEvents = YES;
				INFOPLIST_KEY_UILaunchScreen_Generation = YES;
				INFOPLIST_KEY_UISupportedInterfaceOrientations_iPad = "UIInterfaceOrientationPortrait UIInterfaceOrientationPortraitUpsideDown UIInterfaceOrientationLandscapeLeft UIInterfaceOrientationLandscapeRight";
				INFOPLIST_KEY_UISupportedInterfaceOrientations_iPhone = "UIInterfaceOrientationPortrait UIInterfaceOrientationLandscapeLeft UIInterfaceOrientationLandscapeRight";
				LD_RUNPATH_SEARCH_PATHS = (
					"$(inherited)",
					"@executable_path/Frameworks",
				);
				MARKETING_VERSION = 1.0;
				PRODUCT_BUNDLE_IDENTIFIER = com.taurus.Landmarks;
				PRODUCT_NAME = "$(TARGET_NAME)";
				SWIFT_EMIT_LOC_STRINGS = YES;
				SWIFT_VERSION = 5.0;
				TARGETED_DEVICE_FAMILY = "1,2";
			};
			name = Release;
		};
/* End XCBuildConfiguration section */

/* Begin XCConfigurationList section */
		557309402A9FC453001F0DBD /* Build configuration list for PBXProject "Landmarks" */ = {
			isa = XCConfigurationList;
			buildConfigurations = (
				557309512A9FC454001F0DBD /* Debug */,
				557309522A9FC454001F0DBD /* Release */,
			);
			defaultConfigurationIsVisible = 0;
			defaultConfigurationName = Release;
		};
		557309532A9FC454001F0DBD /* Build configuration list for PBXNativeTarget "Landmarks" */ = {
			isa = XCConfigurationList;
			buildConfigurations = (
				557309542A9FC454001F0DBD /* Debug */,
				557309552A9FC454001F0DBD /* Release */,
			);
			defaultConfigurationIsVisible = 0;
			defaultConfigurationName = Release;
		};
/* End XCConfigurationList section */
	};
	rootObject = 5573093D2A9FC453001F0DBD /* Project object */;
}
